
Microsoft Visual Studio Solution File, Format Version 12.00
# Visual Studio Version 17
VisualStudioVersion = 17.3.32929.385
MinimumVisualStudioVersion = 10.0.40219.1
Project("{9A19103F-16F7-4668-BE54-9A1E7A4F7556}") = "ToDoAPI", "ToDoAPI\ToDoAPI.csproj", "{0A955F2B-E104-42E9-ACFE-35CFE7C4AE3C}"
EndProject
Project("{9A19103F-16F7-4668-BE54-9A1E7A4F7556}") = "ToDoDataAccess", "ToDoDataAccess\ToDoDataAccess.csproj", "{59920E63-7BF6-45D7-B601-CE9D2A7D01A3}"
EndProject
Project("{FAE04EC0-301F-11D3-BF4B-00C04F79EFBC}") = "ToDoDomain", "ToDoDomain\ToDoDomain.csproj", "{0C180405-C4C2-46E3-A8B0-6F33423EAFC9}"
EndProject
Global
	GlobalSection(SolutionConfigurationPlatforms) = preSolution
		Debug|Any CPU = Debug|Any CPU
		Release|Any CPU = Release|Any CPU
	EndGlobalSection
	GlobalSection(ProjectConfigurationPlatforms) = postSolution
		{0A955F2B-E104-42E9-ACFE-35CFE7C4AE3C}.Debug|Any CPU.ActiveCfg = Debug|Any CPU
		{0A955F2B-E104-42E9-ACFE-35CFE7C4AE3C}.Debug|Any CPU.Build.0 = Debug|Any CPU
		{0A955F2B-E104-42E9-ACFE-35CFE7C4AE3C}.Release|Any CPU.ActiveCfg = Release|Any CPU
		{0A955F2B-E104-42E9-ACFE-35CFE7C4AE3C}.Release|Any CPU.Build.0 = Release|Any CPU
		{59920E63-7BF6-45D7-B601-CE9D2A7D01A3}.Debug|Any CPU.ActiveCfg = Debug|Any CPU
		{59920E63-7BF6-45D7-B601-CE9D2A7D01A3}.Debug|Any CPU.Build.0 = Debug|Any CPU
		{59920E63-7BF6-45D7-B601-CE9D2A7D01A3}.Release|Any CPU.ActiveCfg = Release|Any CPU
		{59920E63-7BF6-45D7-B601-CE9D2A7D01A3}.Release|Any CPU.Build.0 = Release|Any CPU
		{0C180405-C4C2-46E3-A8B0-6F33423EAFC9}.Debug|Any CPU.ActiveCfg = Debug|Any CPU
		{0C180405-C4C2-46E3-A8B0-6F33423EAFC9}.Debug|Any CPU.Build.0 = Debug|Any CPU
		{0C180405-C4C2-46E3-A8B0-6F33423EAFC9}.Release|Any CPU.ActiveCfg = Release|Any CPU
		{0C180405-C4C2-46E3-A8B0-6F33423EAFC9}.Release|Any CPU.Build.0 = Release|Any CPU
	EndGlobalSection
	GlobalSection(SolutionProperties) = preSolution
		HideSolutionNode = FALSE
	EndGlobalSection
	GlobalSection(ExtensibilityGlobals) = postSolution
		SolutionGuid = {411A75DE-EB89-438C-BF04-FF79D121B7AD}
	EndGlobalSection
EndGlobal
